// !$*UTF8*$!
{
	archiveVersion = 1;
	classes = {
	};
	objectVersion = 48;
	objects = {

/* Begin PBXBuildFile section */
		50507A661EF80199003B7BCF /* ComputeUnitHandler.swift in Sources */ = {isa = PBXBuildFile; fileRef = 50507A651EF80199003B7BCF /* ComputeUnitHandler.swift */; };
		50507A691EF801EA003B7BCF /* DistributionManager.swift in Sources */ = {isa = PBXBuildFile; fileRef = 50507A681EF801EA003B7BCF /* DistributionManager.swift */; };
		50507A6C1EF80214003B7BCF /* ComputeDataSource.swift in Sources */ = {isa = PBXBuildFile; fileRef = 50507A6B1EF80214003B7BCF /* ComputeDataSource.swift */; };
		50507A6E1EF8026D003B7BCF /* ComputeDataSourceDataSet.swift in Sources */ = {isa = PBXBuildFile; fileRef = 50507A6D1EF8026D003B7BCF /* ComputeDataSourceDataSet.swift */; };
		5051A1B81F3900A7008776B2 /* RMQClient.framework in Frameworks */ = {isa = PBXBuildFile; fileRef = 5051A1B71F3900A7008776B2 /* RMQClient.framework */; };
		505BD2A11EF4191100FA4100 /* main.swift in Sources */ = {isa = PBXBuildFile; fileRef = 505BD2A01EF4191100FA4100 /* main.swift */; };
		50970B451F38BC6C0089A9B3 /* Config.swift in Sources */ = {isa = PBXBuildFile; fileRef = 50970B441F38BC6C0089A9B3 /* Config.swift */; };
		50A24A5C1F379A2300859EBD /* RabbitMQAdapter.swift in Sources */ = {isa = PBXBuildFile; fileRef = 50A24A5B1F379A2300859EBD /* RabbitMQAdapter.swift */; };
		50EE4EA71EFAAB5700BB754F /* ComputeUnit.swift in Sources */ = {isa = PBXBuildFile; fileRef = 50EE4EA61EFAAB5700BB754F /* ComputeUnit.swift */; };
		50EE4EAB1EFAABD500BB754F /* ComputeUnitDelegate.swift in Sources */ = {isa = PBXBuildFile; fileRef = 50EE4EAA1EFAABD500BB754F /* ComputeUnitDelegate.swift */; };
/* End PBXBuildFile section */

/* Begin PBXCopyFilesBuildPhase section */
		505BD29B1EF4191100FA4100 /* CopyFiles */ = {
			isa = PBXCopyFilesBuildPhase;
			buildActionMask = 8;
			dstPath = "";
			dstSubfolderSpec = 10;
			files = (
			);
			runOnlyForDeploymentPostprocessing = 1;
		};
/* End PBXCopyFilesBuildPhase section */

/* Begin PBXFileReference section */
		50507A651EF80199003B7BCF /* ComputeUnitHandler.swift */ = {isa = PBXFileReference; lastKnownFileType = sourcecode.swift; path = ComputeUnitHandler.swift; sourceTree = "<group>"; };
		50507A681EF801EA003B7BCF /* DistributionManager.swift */ = {isa = PBXFileReference; lastKnownFileType = sourcecode.swift; path = DistributionManager.swift; sourceTree = "<group>"; };
		50507A6B1EF80214003B7BCF /* ComputeDataSource.swift */ = {isa = PBXFileReference; lastKnownFileType = sourcecode.swift; path = ComputeDataSource.swift; sourceTree = "<group>"; };
		50507A6D1EF8026D003B7BCF /* ComputeDataSourceDataSet.swift */ = {isa = PBXFileReference; lastKnownFileType = sourcecode.swift; path = ComputeDataSourceDataSet.swift; sourceTree = "<group>"; };
		5051A1B71F3900A7008776B2 /* RMQClient.framework */ = {isa = PBXFileReference; lastKnownFileType = wrapper.framework; name = RMQClient.framework; path = ../../../../../Library/Frameworks/RMQClient.framework; sourceTree = "<group>"; };
		505BD29D1EF4191100FA4100 /* ComputeUnitHandler */ = {isa = PBXFileReference; explicitFileType = "compiled.mach-o.executable"; includeInIndex = 0; path = ComputeUnitHandler; sourceTree = BUILT_PRODUCTS_DIR; };
		505BD2A01EF4191100FA4100 /* main.swift */ = {isa = PBXFileReference; lastKnownFileType = sourcecode.swift; path = main.swift; sourceTree = "<group>"; };
		50970B441F38BC6C0089A9B3 /* Config.swift */ = {isa = PBXFileReference; lastKnownFileType = sourcecode.swift; path = Config.swift; sourceTree = "<group>"; };
		50A24A5B1F379A2300859EBD /* RabbitMQAdapter.swift */ = {isa = PBXFileReference; lastKnownFileType = sourcecode.swift; path = RabbitMQAdapter.swift; sourceTree = "<group>"; };
		50EE4EA61EFAAB5700BB754F /* ComputeUnit.swift */ = {isa = PBXFileReference; lastKnownFileType = sourcecode.swift; path = ComputeUnit.swift; sourceTree = "<group>"; };
		50EE4EAA1EFAABD500BB754F /* ComputeUnitDelegate.swift */ = {isa = PBXFileReference; lastKnownFileType = sourcecode.swift; path = ComputeUnitDelegate.swift; sourceTree = "<group>"; };
/* End PBXFileReference section */

/* Begin PBXFrameworksBuildPhase section */
		505BD29A1EF4191100FA4100 /* Frameworks */ = {
			isa = PBXFrameworksBuildPhase;
			buildActionMask = 2147483647;
			files = (
				5051A1B81F3900A7008776B2 /* RMQClient.framework in Frameworks */,
			);
			runOnlyForDeploymentPostprocessing = 0;
		};
/* End PBXFrameworksBuildPhase section */

/* Begin PBXGroup section */
		501426631F3522D300993308 /* Frameworks */ = {
			isa = PBXGroup;
			children = (
				5051A1B71F3900A7008776B2 /* RMQClient.framework */,
			);
			name = Frameworks;
			sourceTree = "<group>";
		};
		50507A631EF8016C003B7BCF /* Core */ = {
			isa = PBXGroup;
			children = (
				50970B431F38BC620089A9B3 /* Config */,
				50A24A5A1F379A0200859EBD /* MessageQueue */,
				50EE4EA91EFAABC400BB754F /* ComputeUnitDelegate */,
				50EE4EA81EFAAB5D00BB754F /* ComputeUnit */,
				50507A6A1EF80209003B7BCF /* DataSource */,
				50507A671EF801C5003B7BCF /* DistributionManager */,
				50507A641EF8017B003B7BCF /* ComputeUnitHandler */,
			);
			path = Core;
			sourceTree = "<group>";
		};
		50507A641EF8017B003B7BCF /* ComputeUnitHandler */ = {
			isa = PBXGroup;
			children = (
				50507A651EF80199003B7BCF /* ComputeUnitHandler.swift */,
			);
			path = ComputeUnitHandler;
			sourceTree = "<group>";
		};
		50507A671EF801C5003B7BCF /* DistributionManager */ = {
			isa = PBXGroup;
			children = (
				50507A681EF801EA003B7BCF /* DistributionManager.swift */,
			);
			path = DistributionManager;
			sourceTree = "<group>";
		};
		50507A6A1EF80209003B7BCF /* DataSource */ = {
			isa = PBXGroup;
			children = (
				50507A6B1EF80214003B7BCF /* ComputeDataSource.swift */,
				50507A6D1EF8026D003B7BCF /* ComputeDataSourceDataSet.swift */,
			);
			path = DataSource;
			sourceTree = "<group>";
		};
		505BD2941EF4191100FA4100 = {
			isa = PBXGroup;
			children = (
				505BD29F1EF4191100FA4100 /* ComputeUnitHandler */,
				505BD29E1EF4191100FA4100 /* Products */,
				501426631F3522D300993308 /* Frameworks */,
			);
			sourceTree = "<group>";
		};
		505BD29E1EF4191100FA4100 /* Products */ = {
			isa = PBXGroup;
			children = (
				505BD29D1EF4191100FA4100 /* ComputeUnitHandler */,
			);
			name = Products;
			sourceTree = "<group>";
		};
		505BD29F1EF4191100FA4100 /* ComputeUnitHandler */ = {
			isa = PBXGroup;
			children = (
				50507A631EF8016C003B7BCF /* Core */,
				505BD2A01EF4191100FA4100 /* main.swift */,
			);
			path = ComputeUnitHandler;
			sourceTree = "<group>";
		};
		50970B431F38BC620089A9B3 /* Config */ = {
			isa = PBXGroup;
			children = (
				50970B441F38BC6C0089A9B3 /* Config.swift */,
			);
			path = Config;
			sourceTree = "<group>";
		};
		50A24A5A1F379A0200859EBD /* MessageQueue */ = {
			isa = PBXGroup;
			children = (
				50A24A5B1F379A2300859EBD /* RabbitMQAdapter.swift */,
			);
			path = MessageQueue;
			sourceTree = "<group>";
		};
		50EE4EA81EFAAB5D00BB754F /* ComputeUnit */ = {
			isa = PBXGroup;
			children = (
				50EE4EA61EFAAB5700BB754F /* ComputeUnit.swift */,
			);
			path = ComputeUnit;
			sourceTree = "<group>";
		};
		50EE4EA91EFAABC400BB754F /* ComputeUnitDelegate */ = {
			isa = PBXGroup;
			children = (
				50EE4EAA1EFAABD500BB754F /* ComputeUnitDelegate.swift */,
			);
			path = ComputeUnitDelegate;
			sourceTree = "<group>";
		};
/* End PBXGroup section */

/* Begin PBXNativeTarget section */
		505BD29C1EF4191100FA4100 /* ComputeUnitHandler */ = {
			isa = PBXNativeTarget;
			buildConfigurationList = 505BD2A41EF4191100FA4100 /* Build configuration list for PBXNativeTarget "ComputeUnitHandler" */;
			buildPhases = (
				505BD2991EF4191100FA4100 /* Sources */,
				505BD29A1EF4191100FA4100 /* Frameworks */,
				505BD29B1EF4191100FA4100 /* CopyFiles */,
			);
			buildRules = (
			);
			dependencies = (
			);
			name = ComputeUnitHandler;
			productName = ComputeUnitHandler;
			productReference = 505BD29D1EF4191100FA4100 /* ComputeUnitHandler */;
			productType = "com.apple.product-type.tool";
		};
/* End PBXNativeTarget section */

/* Begin PBXProject section */
		505BD2951EF4191100FA4100 /* Project object */ = {
			isa = PBXProject;
			attributes = {
				LastSwiftUpdateCheck = 0900;
				LastUpgradeCheck = 0900;
				ORGANIZATIONNAME = "Pascal Schönthier";
				TargetAttributes = {
					505BD29C1EF4191100FA4100 = {
						CreatedOnToolsVersion = 9.0;
						ProvisioningStyle = Automatic;
					};
				};
			};
			buildConfigurationList = 505BD2981EF4191100FA4100 /* Build configuration list for PBXProject "ComputeUnitHandler" */;
			compatibilityVersion = "Xcode 8.0";
			developmentRegion = en;
			hasScannedForEncodings = 0;
			knownRegions = (
				en,
			);
			mainGroup = 505BD2941EF4191100FA4100;
			productRefGroup = 505BD29E1EF4191100FA4100 /* Products */;
			projectDirPath = "";
			projectRoot = "";
			targets = (
				505BD29C1EF4191100FA4100 /* ComputeUnitHandler */,
			);
		};
/* End PBXProject section */

/* Begin PBXSourcesBuildPhase section */
		505BD2991EF4191100FA4100 /* Sources */ = {
			isa = PBXSourcesBuildPhase;
			buildActionMask = 2147483647;
			files = (
				50507A661EF80199003B7BCF /* ComputeUnitHandler.swift in Sources */,
				50EE4EA71EFAAB5700BB754F /* ComputeUnit.swift in Sources */,
				50970B451F38BC6C0089A9B3 /* Config.swift in Sources */,
				505BD2A11EF4191100FA4100 /* main.swift in Sources */,
				50A24A5C1F379A2300859EBD /* RabbitMQAdapter.swift in Sources */,
				50507A6C1EF80214003B7BCF /* ComputeDataSource.swift in Sources */,
				50EE4EAB1EFAABD500BB754F /* ComputeUnitDelegate.swift in Sources */,
				50507A6E1EF8026D003B7BCF /* ComputeDataSourceDataSet.swift in Sources */,
				50507A691EF801EA003B7BCF /* DistributionManager.swift in Sources */,
			);
			runOnlyForDeploymentPostprocessing = 0;
		};
/* End PBXSourcesBuildPhase section */

/* Begin XCBuildConfiguration section */
		505BD2A21EF4191100FA4100 /* Debug */ = {
			isa = XCBuildConfiguration;
			buildSettings = {
				ALWAYS_SEARCH_USER_PATHS = NO;
				CLANG_ANALYZER_NONNULL = YES;
				CLANG_ANALYZER_NUMBER_OBJECT_CONVERSION = YES_AGGRESSIVE;
				CLANG_CXX_LANGUAGE_STANDARD = "gnu++14";
				CLANG_CXX_LIBRARY = "libc++";
				CLANG_ENABLE_MODULES = YES;
				CLANG_ENABLE_OBJC_ARC = YES;
				CLANG_WARN_BLOCK_CAPTURE_AUTORELEASING = YES;
				CLANG_WARN_BOOL_CONVERSION = YES;
				CLANG_WARN_COMMA = YES;
				CLANG_WARN_CONSTANT_CONVERSION = YES;
				CLANG_WARN_DIRECT_OBJC_ISA_USAGE = YES_ERROR;
				CLANG_WARN_DOCUMENTATION_COMMENTS = YES;
				CLANG_WARN_EMPTY_BODY = YES;
				CLANG_WARN_ENUM_CONVERSION = YES;
				CLANG_WARN_INFINITE_RECURSION = YES;
				CLANG_WARN_INT_CONVERSION = YES;
				CLANG_WARN_NON_LITERAL_NULL_CONVERSION = YES;
				CLANG_WARN_OBJC_LITERAL_CONVERSION = YES;
				CLANG_WARN_OBJC_ROOT_CLASS = YES_ERROR;
				CLANG_WARN_RANGE_LOOP_ANALYSIS = YES;
				CLANG_WARN_STRICT_PROTOTYPES = YES;
				CLANG_WARN_SUSPICIOUS_MOVE = YES;
				CLANG_WARN_UNGUARDED_AVAILABILITY = YES_AGGRESSIVE;
				CLANG_WARN_UNREACHABLE_CODE = YES;
				CLANG_WARN__DUPLICATE_METHOD_MATCH = YES;
				CODE_SIGN_IDENTITY = "Mac Developer";
				COPY_PHASE_STRIP = NO;
				DEBUG_INFORMATION_FORMAT = dwarf;
				ENABLE_STRICT_OBJC_MSGSEND = YES;
				ENABLE_TESTABILITY = YES;
				GCC_C_LANGUAGE_STANDARD = gnu11;
				GCC_DYNAMIC_NO_PIC = NO;
				GCC_NO_COMMON_BLOCKS = YES;
				GCC_OPTIMIZATION_LEVEL = 0;
				GCC_PREPROCESSOR_DEFINITIONS = (
					"DEBUG=1",
					"$(inherited)",
				);
				GCC_WARN_64_TO_32_BIT_CONVERSION = YES;
				GCC_WARN_ABOUT_RETURN_TYPE = YES_ERROR;
				GCC_WARN_UNDECLARED_SELECTOR = YES;
				GCC_WARN_UNINITIALIZED_AUTOS = YES_AGGRESSIVE;
				GCC_WARN_UNUSED_FUNCTION = YES;
				GCC_WARN_UNUSED_VARIABLE = YES;
				MACOSX_DEPLOYMENT_TARGET = 10.12;
				MTL_ENABLE_DEBUG_INFO = YES;
				ONLY_ACTIVE_ARCH = YES;
				SDKROOT = macosx;
				SWIFT_ACTIVE_COMPILATION_CONDITIONS = DEBUG;
				SWIFT_OPTIMIZATION_LEVEL = "-Onone";
			};
			name = Debug;
		};
		505BD2A31EF4191100FA4100 /* Release */ = {
			isa = XCBuildConfiguration;
			buildSettings = {
				ALWAYS_SEARCH_USER_PATHS = NO;
				CLANG_ANALYZER_NONNULL = YES;
				CLANG_ANALYZER_NUMBER_OBJECT_CONVERSION = YES_AGGRESSIVE;
				CLANG_CXX_LANGUAGE_STANDARD = "gnu++14";
				CLANG_CXX_LIBRARY = "libc++";
				CLANG_ENABLE_MODULES = YES;
				CLANG_ENABLE_OBJC_ARC = YES;
				CLANG_WARN_BLOCK_CAPTURE_AUTORELEASING = YES;
				CLANG_WARN_BOOL_CONVERSION = YES;
				CLANG_WARN_COMMA = YES;
				CLANG_WARN_CONSTANT_CONVERSION = YES;
				CLANG_WARN_DIRECT_OBJC_ISA_USAGE = YES_ERROR;
				CLANG_WARN_DOCUMENTATION_COMMENTS = YES;
				CLANG_WARN_EMPTY_BODY = YES;
				CLANG_WARN_ENUM_CONVERSION = YES;
				CLANG_WARN_INFINITE_RECURSION = YES;
				CLANG_WARN_INT_CONVERSION = YES;
				CLANG_WARN_NON_LITERAL_NULL_CONVERSION = YES;
				CLANG_WARN_OBJC_LITERAL_CONVERSION = YES;
				CLANG_WARN_OBJC_ROOT_CLASS = YES_ERROR;
				CLANG_WARN_RANGE_LOOP_ANALYSIS = YES;
				CLANG_WARN_STRICT_PROTOTYPES = YES;
				CLANG_WARN_SUSPICIOUS_MOVE = YES;
				CLANG_WARN_UNGUARDED_AVAILABILITY = YES_AGGRESSIVE;
				CLANG_WARN_UNREACHABLE_CODE = YES;
				CLANG_WARN__DUPLICATE_METHOD_MATCH = YES;
				CODE_SIGN_IDENTITY = "Mac Developer";
				COPY_PHASE_STRIP = NO;
				DEBUG_INFORMATION_FORMAT = "dwarf-with-dsym";
				ENABLE_NS_ASSERTIONS = NO;
				ENABLE_STRICT_OBJC_MSGSEND = YES;
				GCC_C_LANGUAGE_STANDARD = gnu11;
				GCC_NO_COMMON_BLOCKS = YES;
				GCC_WARN_64_TO_32_BIT_CONVERSION = YES;
				GCC_WARN_ABOUT_RETURN_TYPE = YES_ERROR;
				GCC_WARN_UNDECLARED_SELECTOR = YES;
				GCC_WARN_UNINITIALIZED_AUTOS = YES_AGGRESSIVE;
				GCC_WARN_UNUSED_FUNCTION = YES;
				GCC_WARN_UNUSED_VARIABLE = YES;
				MACOSX_DEPLOYMENT_TARGET = 10.12;
				MTL_ENABLE_DEBUG_INFO = NO;
				SDKROOT = macosx;
				SWIFT_OPTIMIZATION_LEVEL = "-Owholemodule";
			};
			name = Release;
		};
		505BD2A51EF4191100FA4100 /* Debug */ = {
			isa = XCBuildConfiguration;
			buildSettings = {
				ALWAYS_SEARCH_USER_PATHS = NO;
				CODE_SIGN_IDENTITY = "Mac Developer";
				CODE_SIGN_STYLE = Automatic;
				DEVELOPMENT_TEAM = 5U6MKQCTY9;
				FRAMEWORK_SEARCH_PATHS = (
					"$(inherited)",
					/Library/Frameworks,
					"$(LOCAL_LIBRARY_DIR)/Frameworks",
				);
				HEADER_SEARCH_PATHS = /usr/local/include;
				LD_RUNPATH_SEARCH_PATHS = "$(inherited) @executable_path/Frameworks";
				LIBRARY_SEARCH_PATHS = (
					"$(inherited)",
					"/usr/local/Cellar/rabbitmq-c/0.8.0/lib",
				);
				MACOSX_DEPLOYMENT_TARGET = 10.10;
				PRODUCT_NAME = "$(TARGET_NAME)";
				PROVISIONING_PROFILE_SPECIFIER = "";
				SWIFT_INCLUDE_PATHS = "$(SRCROOT)/ComputeUnitHandler/librabbitmq";
				SWIFT_VERSION = 4.0;
			};
			name = Debug;
		};
		505BD2A61EF4191100FA4100 /* Release */ = {
			isa = XCBuildConfiguration;
			buildSettings = {
				ALWAYS_SEARCH_USER_PATHS = NO;
				CODE_SIGN_IDENTITY = "Mac Developer";
				CODE_SIGN_STYLE = Automatic;
				DEVELOPMENT_TEAM = 5U6MKQCTY9;
				FRAMEWORK_SEARCH_PATHS = (
					"$(inherited)",
					/Library/Frameworks,
					"$(LOCAL_LIBRARY_DIR)/Frameworks",
				);
				HEADER_SEARCH_PATHS = /usr/local/include;
				LD_RUNPATH_SEARCH_PATHS = "$(inherited) @executable_path/Frameworks";
				LIBRARY_SEARCH_PATHS = (
					"$(inherited)",
					"/usr/local/Cellar/rabbitmq-c/0.8.0/lib",
				);
				MACOSX_DEPLOYMENT_TARGET = 10.10;
				PRODUCT_NAME = "$(TARGET_NAME)";
				PROVISIONING_PROFILE_SPECIFIER = "";
				SWIFT_INCLUDE_PATHS = "$(SRCROOT)/ComputeUnitHandler/librabbitmq";
				SWIFT_VERSION = 4.0;
			};
			name = Release;
		};
/* End XCBuildConfiguration section */

/* Begin XCConfigurationList section */
		505BD2981EF4191100FA4100 /* Build configuration list for PBXProject "ComputeUnitHandler" */ = {
			isa = XCConfigurationList;
			buildConfigurations = (
				505BD2A21EF4191100FA4100 /* Debug */,
				505BD2A31EF4191100FA4100 /* Release */,
			);
			defaultConfigurationIsVisible = 0;
			defaultConfigurationName = Release;
		};
		505BD2A41EF4191100FA4100 /* Build configuration list for PBXNativeTarget "ComputeUnitHandler" */ = {
			isa = XCConfigurationList;
			buildConfigurations = (
				505BD2A51EF4191100FA4100 /* Debug */,
				505BD2A61EF4191100FA4100 /* Release */,
			);
			defaultConfigurationIsVisible = 0;
			defaultConfigurationName = Release;
		};
/* End XCConfigurationList section */
	};
	rootObject = 505BD2951EF4191100FA4100 /* Project object */;
}
